
Microsoft Visual Studio Solution File, Format Version 12.00
# Visual Studio Version 16
VisualStudioVersion = 16.0.30608.117
MinimumVisualStudioVersion = 10.0.40219.1
Project("{9A19103F-16F7-4668-BE54-9A1E7A4F7556}") = "HandyHangoutStudios.Common", "HandyHangoutStudios.Common\HandyHangoutStudios.Common.csproj", "{E8A22E5A-C92E-48D4-B5E5-C0129D6551FF}"
EndProject
Project("{9A19103F-16F7-4668-BE54-9A1E7A4F7556}") = "HandyHangoutStudios.Common.Tests", "HandyHangoutStudios.Common.Tests\HandyHangoutStudios.Common.Tests.csproj", "{2FDD45C0-6B79-4406-86D0-A5A3EC2C117B}"
EndProject
Global
	GlobalSection(SolutionConfigurationPlatforms) = preSolution
		Debug|Any CPU = Debug|Any CPU
		Release|Any CPU = Release|Any CPU
	EndGlobalSection
	GlobalSection(ProjectConfigurationPlatforms) = postSolution
		{E8A22E5A-C92E-48D4-B5E5-C0129D6551FF}.Debug|Any CPU.ActiveCfg = Debug|Any CPU
		{E8A22E5A-C92E-48D4-B5E5-C0129D6551FF}.Debug|Any CPU.Build.0 = Debug|Any CPU
		{E8A22E5A-C92E-48D4-B5E5-C0129D6551FF}.Release|Any CPU.ActiveCfg = Release|Any CPU
		{E8A22E5A-C92E-48D4-B5E5-C0129D6551FF}.Release|Any CPU.Build.0 = Release|Any CPU
		{2FDD45C0-6B79-4406-86D0-A5A3EC2C117B}.Debug|Any CPU.ActiveCfg = Debug|Any CPU
		{2FDD45C0-6B79-4406-86D0-A5A3EC2C117B}.Debug|Any CPU.Build.0 = Debug|Any CPU
		{2FDD45C0-6B79-4406-86D0-A5A3EC2C117B}.Release|Any CPU.ActiveCfg = Release|Any CPU
		{2FDD45C0-6B79-4406-86D0-A5A3EC2C117B}.Release|Any CPU.Build.0 = Release|Any CPU
	EndGlobalSection
	GlobalSection(SolutionProperties) = preSolution
		HideSolutionNode = FALSE
	EndGlobalSection
	GlobalSection(ExtensibilityGlobals) = postSolution
		SolutionGuid = {A92E96BD-4212-4DC8-A0A0-2FC8C4506BF2}
	EndGlobalSection
EndGlobal
